// !$*UTF8*$!
{
	archiveVersion = 1;
	classes = {
	};
	objectVersion = 55;
	objects = {

/* Begin PBXBuildFile section */
		07ADD569293A2B840072D60B /* DishesViewController.swift in Sources */ = {isa = PBXBuildFile; fileRef = 07ADD568293A2B840072D60B /* DishesViewController.swift */; };
		A58F55EB2935FEC100DB147B /* AppDelegate.swift in Sources */ = {isa = PBXBuildFile; fileRef = A58F55EA2935FEC100DB147B /* AppDelegate.swift */; };
		A58F55ED2935FEC100DB147B /* SceneDelegate.swift in Sources */ = {isa = PBXBuildFile; fileRef = A58F55EC2935FEC100DB147B /* SceneDelegate.swift */; };
		A58F55EF2935FEC100DB147B /* CuisineViewController.swift in Sources */ = {isa = PBXBuildFile; fileRef = A58F55EE2935FEC100DB147B /* CuisineViewController.swift */; };
		A58F55F22935FEC100DB147B /* Main.storyboard in Resources */ = {isa = PBXBuildFile; fileRef = A58F55F02935FEC100DB147B /* Main.storyboard */; };
		A58F55F42935FEC500DB147B /* Assets.xcassets in Resources */ = {isa = PBXBuildFile; fileRef = A58F55F32935FEC500DB147B /* Assets.xcassets */; };
		A58F55F72935FEC500DB147B /* LaunchScreen.storyboard in Resources */ = {isa = PBXBuildFile; fileRef = A58F55F52935FEC500DB147B /* LaunchScreen.storyboard */; };
		A58F56042936009F00DB147B /* Cook.swift in Sources */ = {isa = PBXBuildFile; fileRef = A58F56032936009F00DB147B /* Cook.swift */; };
		A59D0A622936ADF900F2EF96 /* Dish.swift in Sources */ = {isa = PBXBuildFile; fileRef = A59D0A612936ADF900F2EF96 /* Dish.swift */; };
		A59D0A642936B03500F2EF96 /* Position.swift in Sources */ = {isa = PBXBuildFile; fileRef = A59D0A632936B03500F2EF96 /* Position.swift */; };
		A59D0A662936B1B900F2EF96 /* Ingredient.swift in Sources */ = {isa = PBXBuildFile; fileRef = A59D0A652936B1B900F2EF96 /* Ingredient.swift */; };
		A59D0A682936B69F00F2EF96 /* Cuisine.swift in Sources */ = {isa = PBXBuildFile; fileRef = A59D0A672936B69F00F2EF96 /* Cuisine.swift */; };
/* End PBXBuildFile section */

/* Begin PBXFileReference section */
		07ADD568293A2B840072D60B /* DishesViewController.swift */ = {isa = PBXFileReference; lastKnownFileType = sourcecode.swift; path = DishesViewController.swift; sourceTree = "<group>"; };
		A58F55E72935FEC000DB147B /* HomeCook.app */ = {isa = PBXFileReference; explicitFileType = wrapper.application; includeInIndex = 0; path = HomeCook.app; sourceTree = BUILT_PRODUCTS_DIR; };
		A58F55EA2935FEC100DB147B /* AppDelegate.swift */ = {isa = PBXFileReference; lastKnownFileType = sourcecode.swift; path = AppDelegate.swift; sourceTree = "<group>"; };
		A58F55EC2935FEC100DB147B /* SceneDelegate.swift */ = {isa = PBXFileReference; lastKnownFileType = sourcecode.swift; path = SceneDelegate.swift; sourceTree = "<group>"; };
		A58F55EE2935FEC100DB147B /* CuisineViewController.swift */ = {isa = PBXFileReference; lastKnownFileType = sourcecode.swift; path = CuisineViewController.swift; sourceTree = "<group>"; };
		A58F55F12935FEC100DB147B /* Base */ = {isa = PBXFileReference; lastKnownFileType = file.storyboard; name = Base; path = Base.lproj/Main.storyboard; sourceTree = "<group>"; };
		A58F55F32935FEC500DB147B /* Assets.xcassets */ = {isa = PBXFileReference; lastKnownFileType = folder.assetcatalog; path = Assets.xcassets; sourceTree = "<group>"; };
		A58F55F62935FEC500DB147B /* Base */ = {isa = PBXFileReference; lastKnownFileType = file.storyboard; name = Base; path = Base.lproj/LaunchScreen.storyboard; sourceTree = "<group>"; };
		A58F55F82935FEC500DB147B /* Info.plist */ = {isa = PBXFileReference; lastKnownFileType = text.plist.xml; path = Info.plist; sourceTree = "<group>"; };
		A58F56032936009F00DB147B /* Cook.swift */ = {isa = PBXFileReference; lastKnownFileType = sourcecode.swift; path = Cook.swift; sourceTree = "<group>"; };
		A59D0A612936ADF900F2EF96 /* Dish.swift */ = {isa = PBXFileReference; lastKnownFileType = sourcecode.swift; path = Dish.swift; sourceTree = "<group>"; };
		A59D0A632936B03500F2EF96 /* Position.swift */ = {isa = PBXFileReference; lastKnownFileType = sourcecode.swift; path = Position.swift; sourceTree = "<group>"; };
		A59D0A652936B1B900F2EF96 /* Ingredient.swift */ = {isa = PBXFileReference; lastKnownFileType = sourcecode.swift; path = Ingredient.swift; sourceTree = "<group>"; };
		A59D0A672936B69F00F2EF96 /* Cuisine.swift */ = {isa = PBXFileReference; lastKnownFileType = sourcecode.swift; path = Cuisine.swift; sourceTree = "<group>"; };
/* End PBXFileReference section */

/* Begin PBXFrameworksBuildPhase section */
		A58F55E42935FEC000DB147B /* Frameworks */ = {
			isa = PBXFrameworksBuildPhase;
			buildActionMask = 2147483647;
			files = (
			);
			runOnlyForDeploymentPostprocessing = 0;
		};
/* End PBXFrameworksBuildPhase section */

/* Begin PBXGroup section */
		A58F55DE2935FEC000DB147B = {
			isa = PBXGroup;
			children = (
				A58F55E92935FEC000DB147B /* HomeCook */,
				A58F55E82935FEC000DB147B /* Products */,
			);
			sourceTree = "<group>";
		};
		A58F55E82935FEC000DB147B /* Products */ = {
			isa = PBXGroup;
			children = (
				A58F55E72935FEC000DB147B /* HomeCook.app */,
			);
			name = Products;
			sourceTree = "<group>";
		};
		A58F55E92935FEC000DB147B /* HomeCook */ = {
			isa = PBXGroup;
			children = (
				A58F56022935FF9100DB147B /* Models */,
				A58F55FE2935FF1700DB147B /* App */,
				A58F55FF2935FF2400DB147B /* ViewControllers */,
				A58F56002935FF3D00DB147B /* Storyboards */,
				A58F56012935FF6800DB147B /* Resources */,
			);
			path = HomeCook;
			sourceTree = "<group>";
		};
		A58F55FE2935FF1700DB147B /* App */ = {
			isa = PBXGroup;
			children = (
				A58F55EA2935FEC100DB147B /* AppDelegate.swift */,
				A58F55EC2935FEC100DB147B /* SceneDelegate.swift */,
				A58F55F82935FEC500DB147B /* Info.plist */,
			);
			path = App;
			sourceTree = "<group>";
		};
		A58F55FF2935FF2400DB147B /* ViewControllers */ = {
			isa = PBXGroup;
			children = (
				A58F55EE2935FEC100DB147B /* CuisineViewController.swift */,
				07ADD568293A2B840072D60B /* DishesViewController.swift */,
			);
			path = ViewControllers;
			sourceTree = "<group>";
		};
		A58F56002935FF3D00DB147B /* Storyboards */ = {
			isa = PBXGroup;
			children = (
				A58F55F02935FEC100DB147B /* Main.storyboard */,
				A58F55F52935FEC500DB147B /* LaunchScreen.storyboard */,
			);
			path = Storyboards;
			sourceTree = "<group>";
		};
		A58F56012935FF6800DB147B /* Resources */ = {
			isa = PBXGroup;
			children = (
				A58F55F32935FEC500DB147B /* Assets.xcassets */,
			);
			path = Resources;
			sourceTree = "<group>";
		};
		A58F56022935FF9100DB147B /* Models */ = {
			isa = PBXGroup;
			children = (
				A58F56032936009F00DB147B /* Cook.swift */,
				A59D0A672936B69F00F2EF96 /* Cuisine.swift */,
				A59D0A612936ADF900F2EF96 /* Dish.swift */,
				A59D0A632936B03500F2EF96 /* Position.swift */,
				A59D0A652936B1B900F2EF96 /* Ingredient.swift */,
			);
			path = Models;
			sourceTree = "<group>";
		};
/* End PBXGroup section */

/* Begin PBXNativeTarget section */
		A58F55E62935FEC000DB147B /* HomeCook */ = {
			isa = PBXNativeTarget;
			buildConfigurationList = A58F55FB2935FEC500DB147B /* Build configuration list for PBXNativeTarget "HomeCook" */;
			buildPhases = (
				A58F55E32935FEC000DB147B /* Sources */,
				A58F55E42935FEC000DB147B /* Frameworks */,
				A58F55E52935FEC000DB147B /* Resources */,
			);
			buildRules = (
			);
			dependencies = (
			);
			name = HomeCook;
			productName = HomeCook;
			productReference = A58F55E72935FEC000DB147B /* HomeCook.app */;
			productType = "com.apple.product-type.application";
		};
/* End PBXNativeTarget section */

/* Begin PBXProject section */
		A58F55DF2935FEC000DB147B /* Project object */ = {
			isa = PBXProject;
			attributes = {
				BuildIndependentTargetsInParallel = 1;
				LastSwiftUpdateCheck = 1320;
				LastUpgradeCheck = 1320;
				TargetAttributes = {
					A58F55E62935FEC000DB147B = {
						CreatedOnToolsVersion = 13.2.1;
					};
				};
			};
			buildConfigurationList = A58F55E22935FEC000DB147B /* Build configuration list for PBXProject "HomeCook" */;
			compatibilityVersion = "Xcode 13.0";
			developmentRegion = en;
			hasScannedForEncodings = 0;
			knownRegions = (
				en,
				Base,
			);
			mainGroup = A58F55DE2935FEC000DB147B;
			productRefGroup = A58F55E82935FEC000DB147B /* Products */;
			projectDirPath = "";
			projectRoot = "";
			targets = (
				A58F55E62935FEC000DB147B /* HomeCook */,
			);
		};
/* End PBXProject section */

/* Begin PBXResourcesBuildPhase section */
		A58F55E52935FEC000DB147B /* Resources */ = {
			isa = PBXResourcesBuildPhase;
			buildActionMask = 2147483647;
			files = (
				A58F55F72935FEC500DB147B /* LaunchScreen.storyboard in Resources */,
				A58F55F42935FEC500DB147B /* Assets.xcassets in Resources */,
				A58F55F22935FEC100DB147B /* Main.storyboard in Resources */,
			);
			runOnlyForDeploymentPostprocessing = 0;
		};
/* End PBXResourcesBuildPhase section */

/* Begin PBXSourcesBuildPhase section */
		A58F55E32935FEC000DB147B /* Sources */ = {
			isa = PBXSourcesBuildPhase;
			buildActionMask = 2147483647;
			files = (
				A59D0A682936B69F00F2EF96 /* Cuisine.swift in Sources */,
				07ADD569293A2B840072D60B /* DishesViewController.swift in Sources */,
				A58F55EF2935FEC100DB147B /* CuisineViewController.swift in Sources */,
				A59D0A622936ADF900F2EF96 /* Dish.swift in Sources */,
				A59D0A662936B1B900F2EF96 /* Ingredient.swift in Sources */,
				A59D0A642936B03500F2EF96 /* Position.swift in Sources */,
				A58F56042936009F00DB147B /* Cook.swift in Sources */,
				A58F55EB2935FEC100DB147B /* AppDelegate.swift in Sources */,
				A58F55ED2935FEC100DB147B /* SceneDelegate.swift in Sources */,
			);
			runOnlyForDeploymentPostprocessing = 0;
		};
/* End PBXSourcesBuildPhase section */

/* Begin PBXVariantGroup section */
		A58F55F02935FEC100DB147B /* Main.storyboard */ = {
			isa = PBXVariantGroup;
			children = (
				A58F55F12935FEC100DB147B /* Base */,
			);
			name = Main.storyboard;
			sourceTree = "<group>";
		};
		A58F55F52935FEC500DB147B /* LaunchScreen.storyboard */ = {
			isa = PBXVariantGroup;
			children = (
				A58F55F62935FEC500DB147B /* Base */,
			);
			name = LaunchScreen.storyboard;
			sourceTree = "<group>";
		};
/* End PBXVariantGroup section */

/* Begin XCBuildConfiguration section */
		A58F55F92935FEC500DB147B /* Debug */ = {
			isa = XCBuildConfiguration;
			buildSettings = {
				ALWAYS_SEARCH_USER_PATHS = NO;
				CLANG_ANALYZER_NONNULL = YES;
				CLANG_ANALYZER_NUMBER_OBJECT_CONVERSION = YES_AGGRESSIVE;
				CLANG_CXX_LANGUAGE_STANDARD = "gnu++17";
				CLANG_CXX_LIBRARY = "libc++";
				CLANG_ENABLE_MODULES = YES;
				CLANG_ENABLE_OBJC_ARC = YES;
				CLANG_ENABLE_OBJC_WEAK = YES;
				CLANG_WARN_BLOCK_CAPTURE_AUTORELEASING = YES;
				CLANG_WARN_BOOL_CONVERSION = YES;
				CLANG_WARN_COMMA = YES;
				CLANG_WARN_CONSTANT_CONVERSION = YES;
				CLANG_WARN_DEPRECATED_OBJC_IMPLEMENTATIONS = YES;
				CLANG_WARN_DIRECT_OBJC_ISA_USAGE = YES_ERROR;
				CLANG_WARN_DOCUMENTATION_COMMENTS = YES;
				CLANG_WARN_EMPTY_BODY = YES;
				CLANG_WARN_ENUM_CONVERSION = YES;
				CLANG_WARN_INFINITE_RECURSION = YES;
				CLANG_WARN_INT_CONVERSION = YES;
				CLANG_WARN_NON_LITERAL_NULL_CONVERSION = YES;
				CLANG_WARN_OBJC_IMPLICIT_RETAIN_SELF = YES;
				CLANG_WARN_OBJC_LITERAL_CONVERSION = YES;
				CLANG_WARN_OBJC_ROOT_CLASS = YES_ERROR;
				CLANG_WARN_QUOTED_INCLUDE_IN_FRAMEWORK_HEADER = YES;
				CLANG_WARN_RANGE_LOOP_ANALYSIS = YES;
				CLANG_WARN_STRICT_PROTOTYPES = YES;
				CLANG_WARN_SUSPICIOUS_MOVE = YES;
				CLANG_WARN_UNGUARDED_AVAILABILITY = YES_AGGRESSIVE;
				CLANG_WARN_UNREACHABLE_CODE = YES;
				CLANG_WARN__DUPLICATE_METHOD_MATCH = YES;
				COPY_PHASE_STRIP = NO;
				DEBUG_INFORMATION_FORMAT = dwarf;
				ENABLE_STRICT_OBJC_MSGSEND = YES;
				ENABLE_TESTABILITY = YES;
				GCC_C_LANGUAGE_STANDARD = gnu11;
				GCC_DYNAMIC_NO_PIC = NO;
				GCC_NO_COMMON_BLOCKS = YES;
				GCC_OPTIMIZATION_LEVEL = 0;
				GCC_PREPROCESSOR_DEFINITIONS = (
					"DEBUG=1",
					"$(inherited)",
				);
				GCC_WARN_64_TO_32_BIT_CONVERSION = YES;
				GCC_WARN_ABOUT_RETURN_TYPE = YES_ERROR;
				GCC_WARN_UNDECLARED_SELECTOR = YES;
				GCC_WARN_UNINITIALIZED_AUTOS = YES_AGGRESSIVE;
				GCC_WARN_UNUSED_FUNCTION = YES;
				GCC_WARN_UNUSED_VARIABLE = YES;
				IPHONEOS_DEPLOYMENT_TARGET = 15.2;
				MTL_ENABLE_DEBUG_INFO = INCLUDE_SOURCE;
				MTL_FAST_MATH = YES;
				ONLY_ACTIVE_ARCH = YES;
				SDKROOT = iphoneos;
				SWIFT_ACTIVE_COMPILATION_CONDITIONS = DEBUG;
				SWIFT_OPTIMIZATION_LEVEL = "-Onone";
			};
			name = Debug;
		};
		A58F55FA2935FEC500DB147B /* Release */ = {
			isa = XCBuildConfiguration;
			buildSettings = {
				ALWAYS_SEARCH_USER_PATHS = NO;
				CLANG_ANALYZER_NONNULL = YES;
				CLANG_ANALYZER_NUMBER_OBJECT_CONVERSION = YES_AGGRESSIVE;
				CLANG_CXX_LANGUAGE_STANDARD = "gnu++17";
				CLANG_CXX_LIBRARY = "libc++";
				CLANG_ENABLE_MODULES = YES;
				CLANG_ENABLE_OBJC_ARC = YES;
				CLANG_ENABLE_OBJC_WEAK = YES;
				CLANG_WARN_BLOCK_CAPTURE_AUTORELEASING = YES;
				CLANG_WARN_BOOL_CONVERSION = YES;
				CLANG_WARN_COMMA = YES;
				CLANG_WARN_CONSTANT_CONVERSION = YES;
				CLANG_WARN_DEPRECATED_OBJC_IMPLEMENTATIONS = YES;
				CLANG_WARN_DIRECT_OBJC_ISA_USAGE = YES_ERROR;
				CLANG_WARN_DOCUMENTATION_COMMENTS = YES;
				CLANG_WARN_EMPTY_BODY = YES;
				CLANG_WARN_ENUM_CONVERSION = YES;
				CLANG_WARN_INFINITE_RECURSION = YES;
				CLANG_WARN_INT_CONVERSION = YES;
				CLANG_WARN_NON_LITERAL_NULL_CONVERSION = YES;
				CLANG_WARN_OBJC_IMPLICIT_RETAIN_SELF = YES;
				CLANG_WARN_OBJC_LITERAL_CONVERSION = YES;
				CLANG_WARN_OBJC_ROOT_CLASS = YES_ERROR;
				CLANG_WARN_QUOTED_INCLUDE_IN_FRAMEWORK_HEADER = YES;
				CLANG_WARN_RANGE_LOOP_ANALYSIS = YES;
				CLANG_WARN_STRICT_PROTOTYPES = YES;
				CLANG_WARN_SUSPICIOUS_MOVE = YES;
				CLANG_WARN_UNGUARDED_AVAILABILITY = YES_AGGRESSIVE;
				CLANG_WARN_UNREACHABLE_CODE = YES;
				CLANG_WARN__DUPLICATE_METHOD_MATCH = YES;
				COPY_PHASE_STRIP = NO;
				DEBUG_INFORMATION_FORMAT = "dwarf-with-dsym";
				ENABLE_NS_ASSERTIONS = NO;
				ENABLE_STRICT_OBJC_MSGSEND = YES;
				GCC_C_LANGUAGE_STANDARD = gnu11;
				GCC_NO_COMMON_BLOCKS = YES;
				GCC_WARN_64_TO_32_BIT_CONVERSION = YES;
				GCC_WARN_ABOUT_RETURN_TYPE = YES_ERROR;
				GCC_WARN_UNDECLARED_SELECTOR = YES;
				GCC_WARN_UNINITIALIZED_AUTOS = YES_AGGRESSIVE;
				GCC_WARN_UNUSED_FUNCTION = YES;
				GCC_WARN_UNUSED_VARIABLE = YES;
				IPHONEOS_DEPLOYMENT_TARGET = 15.2;
				MTL_ENABLE_DEBUG_INFO = NO;
				MTL_FAST_MATH = YES;
				SDKROOT = iphoneos;
				SWIFT_COMPILATION_MODE = wholemodule;
				SWIFT_OPTIMIZATION_LEVEL = "-O";
				VALIDATE_PRODUCT = YES;
			};
			name = Release;
		};
		A58F55FC2935FEC500DB147B /* Debug */ = {
			isa = XCBuildConfiguration;
			buildSettings = {
				ASSETCATALOG_COMPILER_APPICON_NAME = AppIcon;
				ASSETCATALOG_COMPILER_GLOBAL_ACCENT_COLOR_NAME = AccentColor;
				CODE_SIGN_STYLE = Automatic;
				CURRENT_PROJECT_VERSION = 1;
				DEVELOPMENT_TEAM = PA3HAWB8SP;
				GENERATE_INFOPLIST_FILE = YES;
				INFOPLIST_FILE = HomeCook/App/Info.plist;
				INFOPLIST_KEY_UIApplicationSupportsIndirectInputEvents = YES;
				INFOPLIST_KEY_UILaunchStoryboardName = LaunchScreen;
				INFOPLIST_KEY_UIMainStoryboardFile = Main;
				INFOPLIST_KEY_UISupportedInterfaceOrientations = UIInterfaceOrientationPortrait;
				INFOPLIST_KEY_UISupportedInterfaceOrientations_iPad = "UIInterfaceOrientationLandscapeLeft UIInterfaceOrientationLandscapeRight UIInterfaceOrientationPortrait UIInterfaceOrientationPortraitUpsideDown";
				LD_RUNPATH_SEARCH_PATHS = (
					"$(inherited)",
					"@executable_path/Frameworks",
				);
				MARKETING_VERSION = 1.0;
				PRODUCT_BUNDLE_IDENTIFIER = com.thebestiosteam.HomeCook;
				PRODUCT_NAME = "$(TARGET_NAME)";
				SWIFT_EMIT_LOC_STRINGS = YES;
				SWIFT_VERSION = 5.0;
				TARGETED_DEVICE_FAMILY = 1;
			};
			name = Debug;
		};
		A58F55FD2935FEC500DB147B /* Release */ = {
			isa = XCBuildConfiguration;
			buildSettings = {
				ASSETCATALOG_COMPILER_APPICON_NAME = AppIcon;
				ASSETCATALOG_COMPILER_GLOBAL_ACCENT_COLOR_NAME = AccentColor;
				CODE_SIGN_STYLE = Automatic;
				CURRENT_PROJECT_VERSION = 1;
				DEVELOPMENT_TEAM = PA3HAWB8SP;
				GENERATE_INFOPLIST_FILE = YES;
				INFOPLIST_FILE = HomeCook/App/Info.plist;
				INFOPLIST_KEY_UIApplicationSupportsIndirectInputEvents = YES;
				INFOPLIST_KEY_UILaunchStoryboardName = LaunchScreen;
				INFOPLIST_KEY_UIMainStoryboardFile = Main;
				INFOPLIST_KEY_UISupportedInterfaceOrientations = UIInterfaceOrientationPortrait;
				INFOPLIST_KEY_UISupportedInterfaceOrientations_iPad = "UIInterfaceOrientationLandscapeLeft UIInterfaceOrientationLandscapeRight UIInterfaceOrientationPortrait UIInterfaceOrientationPortraitUpsideDown";
				LD_RUNPATH_SEARCH_PATHS = (
					"$(inherited)",
					"@executable_path/Frameworks",
				);
				MARKETING_VERSION = 1.0;
				PRODUCT_BUNDLE_IDENTIFIER = com.thebestiosteam.HomeCook;
				PRODUCT_NAME = "$(TARGET_NAME)";
				SWIFT_EMIT_LOC_STRINGS = YES;
				SWIFT_VERSION = 5.0;
				TARGETED_DEVICE_FAMILY = 1;
			};
			name = Release;
		};
/* End XCBuildConfiguration section */

/* Begin XCConfigurationList section */
		A58F55E22935FEC000DB147B /* Build configuration list for PBXProject "HomeCook" */ = {
			isa = XCConfigurationList;
			buildConfigurations = (
				A58F55F92935FEC500DB147B /* Debug */,
				A58F55FA2935FEC500DB147B /* Release */,
			);
			defaultConfigurationIsVisible = 0;
			defaultConfigurationName = Release;
		};
		A58F55FB2935FEC500DB147B /* Build configuration list for PBXNativeTarget "HomeCook" */ = {
			isa = XCConfigurationList;
			buildConfigurations = (
				A58F55FC2935FEC500DB147B /* Debug */,
				A58F55FD2935FEC500DB147B /* Release */,
			);
			defaultConfigurationIsVisible = 0;
			defaultConfigurationName = Release;
		};
/* End XCConfigurationList section */
	};
	rootObject = A58F55DF2935FEC000DB147B /* Project object */;
}
